
Microsoft Visual Studio Solution File, Format Version 12.00
# Visual Studio Version 17
VisualStudioVersion = 17.13.35825.156 d17.13
MinimumVisualStudioVersion = 10.0.40219.1
Project("{FAE04EC0-301F-11D3-BF4B-00C04F79EFBC}") = "AuthMS", "AuthMS\AuthMS.csproj", "{9F94BD3B-5FA3-41D7-9BD3-9DD8109B28FF}"
EndProject
Project("{FAE04EC0-301F-11D3-BF4B-00C04F79EFBC}") = "Application", "Application\Application.csproj", "{F212A653-649F-4675-A940-6106C93464C3}"
EndProject
Project("{FAE04EC0-301F-11D3-BF4B-00C04F79EFBC}") = "Domain", "Domain\Domain.csproj", "{0E700DBF-6748-4EE6-8EAF-DE6E46EEDAD9}"
EndProject
Project("{FAE04EC0-301F-11D3-BF4B-00C04F79EFBC}") = "Infrastructure", "Infrastructure\Infrastructure.csproj", "{6C2F809E-E26E-4F33-9BAD-32F68F956837}"
EndProject
Global
	GlobalSection(SolutionConfigurationPlatforms) = preSolution
		Debug|Any CPU = Debug|Any CPU
		Release|Any CPU = Release|Any CPU
	EndGlobalSection
	GlobalSection(ProjectConfigurationPlatforms) = postSolution
		{9F94BD3B-5FA3-41D7-9BD3-9DD8109B28FF}.Debug|Any CPU.ActiveCfg = Debug|Any CPU
		{9F94BD3B-5FA3-41D7-9BD3-9DD8109B28FF}.Debug|Any CPU.Build.0 = Debug|Any CPU
		{9F94BD3B-5FA3-41D7-9BD3-9DD8109B28FF}.Release|Any CPU.ActiveCfg = Release|Any CPU
		{9F94BD3B-5FA3-41D7-9BD3-9DD8109B28FF}.Release|Any CPU.Build.0 = Release|Any CPU
		{F212A653-649F-4675-A940-6106C93464C3}.Debug|Any CPU.ActiveCfg = Debug|Any CPU
		{F212A653-649F-4675-A940-6106C93464C3}.Debug|Any CPU.Build.0 = Debug|Any CPU
		{F212A653-649F-4675-A940-6106C93464C3}.Release|Any CPU.ActiveCfg = Release|Any CPU
		{F212A653-649F-4675-A940-6106C93464C3}.Release|Any CPU.Build.0 = Release|Any CPU
		{0E700DBF-6748-4EE6-8EAF-DE6E46EEDAD9}.Debug|Any CPU.ActiveCfg = Debug|Any CPU
		{0E700DBF-6748-4EE6-8EAF-DE6E46EEDAD9}.Debug|Any CPU.Build.0 = Debug|Any CPU
		{0E700DBF-6748-4EE6-8EAF-DE6E46EEDAD9}.Release|Any CPU.ActiveCfg = Release|Any CPU
		{0E700DBF-6748-4EE6-8EAF-DE6E46EEDAD9}.Release|Any CPU.Build.0 = Release|Any CPU
		{6C2F809E-E26E-4F33-9BAD-32F68F956837}.Debug|Any CPU.ActiveCfg = Debug|Any CPU
		{6C2F809E-E26E-4F33-9BAD-32F68F956837}.Debug|Any CPU.Build.0 = Debug|Any CPU
		{6C2F809E-E26E-4F33-9BAD-32F68F956837}.Release|Any CPU.ActiveCfg = Release|Any CPU
		{6C2F809E-E26E-4F33-9BAD-32F68F956837}.Release|Any CPU.Build.0 = Release|Any CPU
	EndGlobalSection
	GlobalSection(SolutionProperties) = preSolution
		HideSolutionNode = FALSE
	EndGlobalSection
	GlobalSection(ExtensibilityGlobals) = postSolution
		SolutionGuid = {A9FCE49C-14AC-4168-9AEB-40A914DC1FF3}
	EndGlobalSection
EndGlobal
